
Microsoft Visual Studio Solution File, Format Version 12.00
# Visual Studio Version 17
VisualStudioVersion = 17.1.31903.286
MinimumVisualStudioVersion = 10.0.40219.1
Project("{FAE04EC0-301F-11D3-BF4B-00C04F79EFBC}") = "Challenge3-InsertIntoArray", "Challenge3-InsertIntoArray\Challenge3-InsertIntoArray.csproj", "{6EA3F512-A68F-4819-BF3F-BBE01AEFE1BC}"
EndProject
Global
	GlobalSection(SolutionConfigurationPlatforms) = preSolution
		Debug|Any CPU = Debug|Any CPU
		Release|Any CPU = Release|Any CPU
	EndGlobalSection
	GlobalSection(ProjectConfigurationPlatforms) = postSolution
		{6EA3F512-A68F-4819-BF3F-BBE01AEFE1BC}.Debug|Any CPU.ActiveCfg = Debug|Any CPU
		{6EA3F512-A68F-4819-BF3F-BBE01AEFE1BC}.Debug|Any CPU.Build.0 = Debug|Any CPU
		{6EA3F512-A68F-4819-BF3F-BBE01AEFE1BC}.Release|Any CPU.ActiveCfg = Release|Any CPU
		{6EA3F512-A68F-4819-BF3F-BBE01AEFE1BC}.Release|Any CPU.Build.0 = Release|Any CPU
	EndGlobalSection
	GlobalSection(SolutionProperties) = preSolution
		HideSolutionNode = FALSE
	EndGlobalSection
	GlobalSection(ExtensibilityGlobals) = postSolution
		SolutionGuid = {44F3A5EE-8A13-41F5-A0EF-64AA665B6C0C}
	EndGlobalSection
EndGlobal
