
Microsoft Visual Studio Solution File, Format Version 12.00
# Visual Studio Version 17
VisualStudioVersion = 17.1.31903.286
MinimumVisualStudioVersion = 10.0.40219.1
Project("{FAE04EC0-301F-11D3-BF4B-00C04F79EFBC}") = "WPFCRUD", "WPFCRUD\WPFCRUD.csproj", "{BDDCA0CA-019E-4843-AAFE-26E489AF3800}"
EndProject
Global
	GlobalSection(SolutionConfigurationPlatforms) = preSolution
		Debug|Any CPU = Debug|Any CPU
		Release|Any CPU = Release|Any CPU
	EndGlobalSection
	GlobalSection(ProjectConfigurationPlatforms) = postSolution
		{BDDCA0CA-019E-4843-AAFE-26E489AF3800}.Debug|Any CPU.ActiveCfg = Debug|Any CPU
		{BDDCA0CA-019E-4843-AAFE-26E489AF3800}.Debug|Any CPU.Build.0 = Debug|Any CPU
		{BDDCA0CA-019E-4843-AAFE-26E489AF3800}.Release|Any CPU.ActiveCfg = Release|Any CPU
		{BDDCA0CA-019E-4843-AAFE-26E489AF3800}.Release|Any CPU.Build.0 = Release|Any CPU
	EndGlobalSection
	GlobalSection(SolutionProperties) = preSolution
		HideSolutionNode = FALSE
	EndGlobalSection
	GlobalSection(ExtensibilityGlobals) = postSolution
		SolutionGuid = {23C6A503-FA98-4F9E-A8F8-BFCE12DADC22}
	EndGlobalSection
EndGlobal
